{
  "version": 4,
  "terraform_version": "0.12.2",
  "serial": 132,
  "lineage": "4d8d2e07-18d8-1a49-5898-c3cfcfa532ce",
  "outputs": {},
  "resources": [
    {
      "mode": "managed",
      "type": "aws_instance",
      "name": "vault-instance",
      "provider": "provider.aws",
      "instances": [
        {
          "schema_version": 1,
          "attributes": {
            "ami": "ami-098f16afa9edf40be",
            "arn": "arn:aws:ec2:us-east-1:642160825873:instance/i-07e6816e591987a48",
            "associate_public_ip_address": true,
            "availability_zone": "us-east-1a",
            "cpu_core_count": 1,
            "cpu_threads_per_core": 1,
            "credit_specification": [
              {
                "cpu_credits": "standard"
              }
            ],
            "disable_api_termination": false,
            "ebs_block_device": [],
            "ebs_optimized": false,
            "ephemeral_block_device": [],
            "get_password_data": false,
            "hibernation": false,
            "host_id": null,
            "iam_instance_profile": "",
            "id": "i-07e6816e591987a48",
            "instance_initiated_shutdown_behavior": null,
            "instance_state": "running",
            "instance_type": "t2.micro",
            "ipv6_address_count": 0,
            "ipv6_addresses": [],
            "key_name": "vault_key",
            "metadata_options": [
              {
                "http_endpoint": "enabled",
                "http_put_response_hop_limit": 1,
                "http_tokens": "optional"
              }
            ],
            "monitoring": false,
            "network_interface": [],
            "outpost_arn": "",
            "password_data": "",
            "placement_group": "",
            "primary_network_interface_id": "eni-067f72d200c48067e",
            "private_dns": "ip-172-31-24-178.ec2.internal",
            "private_ip": "172.31.24.178",
            "public_dns": "ec2-3-88-198-63.compute-1.amazonaws.com",
            "public_ip": "3.88.198.63",
            "root_block_device": [
              {
                "delete_on_termination": true,
                "device_name": "/dev/sda1",
                "encrypted": false,
                "iops": 100,
                "kms_key_id": "",
                "volume_id": "vol-0cb3bc08fbfe25c61",
                "volume_size": 15,
                "volume_type": "gp2"
              }
            ],
            "secondary_private_ips": [],
            "security_groups": [
              "default"
            ],
            "source_dest_check": true,
            "subnet_id": "subnet-371aa77a",
            "tags": {
              "Name": "Vault"
            },
            "tenancy": "default",
            "timeouts": null,
            "user_data": "15056f688021dd744cd2364442610b4f1391f628",
            "user_data_base64": null,
            "volume_tags": {},
            "vpc_security_group_ids": [
              "sg-983d5bb5"
            ]
          },
          "private": "eyJlMmJmYjczMC1lY2FhLTExZTYtOGY4OC0zNDM2M2JjN2M0YzAiOnsiY3JlYXRlIjo2MDAwMDAwMDAwMDAsImRlbGV0ZSI6MTIwMDAwMDAwMDAwMCwidXBkYXRlIjo2MDAwMDAwMDAwMDB9LCJzY2hlbWFfdmVyc2lvbiI6IjEifQ=="
        }
      ]
    },
    {
      "mode": "managed",
      "type": "aws_key_pair",
      "name": "tform",
      "provider": "provider.aws",
      "instances": [
        {
          "schema_version": 1,
          "attributes": {
            "arn": "arn:aws:ec2:us-east-1:642160825873:key-pair/vault_key",
            "fingerprint": "76:8c:3d:34:44:43:e5:ab:f0:44:df:be:02:48:3d:10",
            "id": "vault_key",
            "key_name": "tform",
            "key_name_prefix": null,
            "key_pair_id": "key-03fd09f81b4cce2ea",
            "public_key": "ssh-rsa AAAAB3NzaC1yc2EAAAADAQABAAABAQDkbLoljpG/xlgGmpdmn8F1XkDMtOVtzVt2TKGJenQelFMgfuy939Co+6vdDx4jVD/Fp9pLYcTTw6cbRxQ7NBhf5QVvlVNn5avyhCMr76VOufW5WSDVEsDwGHzPRlk5qxEjfuLflhKRJgJNJof2jvkVscgbizzLrEDE4PxlVAVea2DXIBB3DuXxJcAyW57lyjQklhUflIORWBHq07NINXtL7sRUcgduHys3JA+N0VueSpdnsDK6Msg1bEN1GUetIx8m7XPVa94T5N94hUscoew5zSTI8ARcRCQ4mgM1RMrQgIZmzeiIGEYPWI4nr6Vy0sEx6dFEJFObBwNLM+z3EqlX ec2-user@ip-172-31-43-43.us-east-2.compute.internal",
            "tags": null
          },
          "private": "eyJzY2hlbWFfdmVyc2lvbiI6IjEifQ=="
        }
      ]
    },
    {
      "mode": "managed",
      "type": "null_resource",
      "name": "vault-mgmt",
      "provider": "provider.null",
      "instances": [
        {
          "schema_version": 0,
          "attributes": {
            "id": "1440629024331529954",
            "triggers": null
          },
          "private": "bnVsbA==",
          "depends_on": [
            "aws_instance.vault-instance",
            "time_sleep.wait_240_seconds"
          ]
        }
      ]
    },
    {
      "mode": "managed",
      "type": "time_sleep",
      "name": "wait_240_seconds",
      "provider": "provider.time",
      "instances": [
        {
          "schema_version": 0,
          "attributes": {
            "create_duration": "240s",
            "destroy_duration": null,
            "id": "2020-10-07T14:49:54Z",
            "triggers": null
          },
          "private": "bnVsbA==",
          "depends_on": [
            "aws_instance.vault-instance"
          ]
        }
      ]
    }
  ]
}
